
Microsoft Visual Studio Solution File, Format Version 12.00
# Visual Studio Version 17
VisualStudioVersion = 17.11.35327.3
MinimumVisualStudioVersion = 10.0.40219.1
Project("{FAE04EC0-301F-11D3-BF4B-00C04F79EFBC}") = "Shopy", "Shopy.csproj", "{AE1C9817-0354-40AD-9261-5720225B6686}"
EndProject
Global
	GlobalSection(SolutionConfigurationPlatforms) = preSolution
		Debug|Any CPU = Debug|Any CPU
		Release|Any CPU = Release|Any CPU
	EndGlobalSection
	GlobalSection(ProjectConfigurationPlatforms) = postSolution
		{AE1C9817-0354-40AD-9261-5720225B6686}.Debug|Any CPU.ActiveCfg = Debug|Any CPU
		{AE1C9817-0354-40AD-9261-5720225B6686}.Debug|Any CPU.Build.0 = Debug|Any CPU
		{AE1C9817-0354-40AD-9261-5720225B6686}.Release|Any CPU.ActiveCfg = Release|Any CPU
		{AE1C9817-0354-40AD-9261-5720225B6686}.Release|Any CPU.Build.0 = Release|Any CPU
	EndGlobalSection
	GlobalSection(SolutionProperties) = preSolution
		HideSolutionNode = FALSE
	EndGlobalSection
	GlobalSection(ExtensibilityGlobals) = postSolution
		SolutionGuid = {32CD903E-8123-4F3F-80A1-145CA8C75B25}
	EndGlobalSection
EndGlobal
